
Microsoft Visual Studio Solution File, Format Version 12.00
# Visual Studio 15
VisualStudioVersion = 15.0.28307.489
MinimumVisualStudioVersion = 10.0.40219.1
Project("{FAE04EC0-301F-11D3-BF4B-00C04F79EFBC}") = "Masanger", "Masanger\Masanger.csproj", "{907F5E2E-02B5-436A-BBD7-5659C2AFB8B0}"
EndProject
Global
	GlobalSection(SolutionConfigurationPlatforms) = preSolution
		Debug|Any CPU = Debug|Any CPU
		Release|Any CPU = Release|Any CPU
	EndGlobalSection
	GlobalSection(ProjectConfigurationPlatforms) = postSolution
		{907F5E2E-02B5-436A-BBD7-5659C2AFB8B0}.Debug|Any CPU.ActiveCfg = Debug|Any CPU
		{907F5E2E-02B5-436A-BBD7-5659C2AFB8B0}.Debug|Any CPU.Build.0 = Debug|Any CPU
		{907F5E2E-02B5-436A-BBD7-5659C2AFB8B0}.Release|Any CPU.ActiveCfg = Release|Any CPU
		{907F5E2E-02B5-436A-BBD7-5659C2AFB8B0}.Release|Any CPU.Build.0 = Release|Any CPU
	EndGlobalSection
	GlobalSection(SolutionProperties) = preSolution
		HideSolutionNode = FALSE
	EndGlobalSection
	GlobalSection(ExtensibilityGlobals) = postSolution
		SolutionGuid = {4A6F4817-8801-4CDE-BC6D-6F7A298C20A3}
	EndGlobalSection
EndGlobal
